// !$*UTF8*$!
{
	archiveVersion = 1;
	classes = {
	};
	objectVersion = 46;
	objects = {

/* Begin PBXBuildFile section */
		D4BBC2791C680F91006504A8 /* Cocoa.framework in Frameworks */ = {isa = PBXBuildFile; fileRef = D4BBC2781C680F91006504A8 /* Cocoa.framework */; };
		D4BBC2881C680F91006504A8 /* QSDashPluginAction.m in Sources */ = {isa = PBXBuildFile; fileRef = D4BBC2871C680F91006504A8 /* QSDashPluginAction.m */; };
		D4BBC28B1C680F91006504A8 /* QSDashPluginSource.m in Sources */ = {isa = PBXBuildFile; fileRef = D4BBC28A1C680F91006504A8 /* QSDashPluginSource.m */; };
/* End PBXBuildFile section */

/* Begin PBXFileReference section */
		D4B2B51F1C681646006504A8 /* Info.plist */ = {isa = PBXFileReference; fileEncoding = 4; lastKnownFileType = text.plist.xml; path = Info.plist; sourceTree = SOURCE_ROOT; };
		D4BBC2751C680F91006504A8 /* Dash Plugin.qsplugin */ = {isa = PBXFileReference; explicitFileType = wrapper.cfbundle; includeInIndex = 0; path = "Dash Plugin.qsplugin"; sourceTree = BUILT_PRODUCTS_DIR; };
		D4BBC2781C680F91006504A8 /* Cocoa.framework */ = {isa = PBXFileReference; lastKnownFileType = wrapper.framework; name = Cocoa.framework; path = /System/Library/Frameworks/Cocoa.framework; sourceTree = "<absolute>"; };
		D4BBC27E1C680F91006504A8 /* Common.xcconfig */ = {isa = PBXFileReference; lastKnownFileType = text.xcconfig; path = Common.xcconfig; sourceTree = "<group>"; };
		D4BBC27F1C680F91006504A8 /* Debug.xcconfig */ = {isa = PBXFileReference; lastKnownFileType = text.xcconfig; path = Debug.xcconfig; sourceTree = "<group>"; };
		D4BBC2801C680F91006504A8 /* Developer.xcconfig */ = {isa = PBXFileReference; lastKnownFileType = text.xcconfig; path = Developer.xcconfig; sourceTree = "<group>"; };
		D4BBC2811C680F91006504A8 /* QSPlugIn.xcconfig */ = {isa = PBXFileReference; lastKnownFileType = text.xcconfig; path = QSPlugIn.xcconfig; sourceTree = "<group>"; };
		D4BBC2821C680F91006504A8 /* Quicksilver.pch */ = {isa = PBXFileReference; lastKnownFileType = sourcecode.c.h; path = Quicksilver.pch; sourceTree = "<group>"; };
		D4BBC2831C680F91006504A8 /* Release.xcconfig */ = {isa = PBXFileReference; lastKnownFileType = text.xcconfig; path = Release.xcconfig; sourceTree = "<group>"; };
		D4BBC2861C680F91006504A8 /* QSDashPluginAction.h */ = {isa = PBXFileReference; lastKnownFileType = sourcecode.c.h; path = QSDashPluginAction.h; sourceTree = "<group>"; };
		D4BBC2871C680F91006504A8 /* QSDashPluginAction.m */ = {isa = PBXFileReference; lastKnownFileType = sourcecode.c.objc; path = QSDashPluginAction.m; sourceTree = "<group>"; };
		D4BBC2891C680F91006504A8 /* QSDashPluginSource.h */ = {isa = PBXFileReference; lastKnownFileType = sourcecode.c.h; path = QSDashPluginSource.h; sourceTree = "<group>"; };
		D4BBC28A1C680F91006504A8 /* QSDashPluginSource.m */ = {isa = PBXFileReference; lastKnownFileType = sourcecode.c.objc; path = QSDashPluginSource.m; sourceTree = "<group>"; };
/* End PBXFileReference section */

/* Begin PBXFrameworksBuildPhase section */
		D4BBC2721C680F91006504A8 /* Frameworks */ = {
			isa = PBXFrameworksBuildPhase;
			buildActionMask = 2147483647;
			files = (
				D4BBC2791C680F91006504A8 /* Cocoa.framework in Frameworks */,
			);
			runOnlyForDeploymentPostprocessing = 0;
		};
/* End PBXFrameworksBuildPhase section */

/* Begin PBXGroup section */
		D4BBC26B1C680F91006504A8 = {
			isa = PBXGroup;
			children = (
				D4BBC27D1C680F91006504A8 /* Configuration */,
				D4BBC27A1C680F91006504A8 /* QSDashPlugin */,
				D4BBC2771C680F91006504A8 /* Frameworks */,
				D4BBC2761C680F91006504A8 /* Products */,
			);
			sourceTree = "<group>";
		};
		D4BBC2761C680F91006504A8 /* Products */ = {
			isa = PBXGroup;
			children = (
				D4BBC2751C680F91006504A8 /* Dash Plugin.qsplugin */,
			);
			name = Products;
			sourceTree = "<group>";
		};
		D4BBC2771C680F91006504A8 /* Frameworks */ = {
			isa = PBXGroup;
			children = (
				D4BBC2781C680F91006504A8 /* Cocoa.framework */,
			);
			name = Frameworks;
			sourceTree = "<group>";
		};
		D4BBC27A1C680F91006504A8 /* QSDashPlugin */ = {
			isa = PBXGroup;
			children = (
				D4BBC2861C680F91006504A8 /* QSDashPluginAction.h */,
				D4BBC2871C680F91006504A8 /* QSDashPluginAction.m */,
				D4BBC2891C680F91006504A8 /* QSDashPluginSource.h */,
				D4BBC28A1C680F91006504A8 /* QSDashPluginSource.m */,
				D4B2B51F1C681646006504A8 /* Info.plist */,
			);
			path = QSDashPlugin;
			sourceTree = "<group>";
		};
		D4BBC27D1C680F91006504A8 /* Configuration */ = {
			isa = PBXGroup;
			children = (
				D4BBC27E1C680F91006504A8 /* Common.xcconfig */,
				D4BBC27F1C680F91006504A8 /* Debug.xcconfig */,
				D4BBC2801C680F91006504A8 /* Developer.xcconfig */,
				D4BBC2811C680F91006504A8 /* QSPlugIn.xcconfig */,
				D4BBC2821C680F91006504A8 /* Quicksilver.pch */,
				D4BBC2831C680F91006504A8 /* Release.xcconfig */,
			);
			name = Configuration;
			path = /private/tmp/QS/Configuration;
			sourceTree = "<absolute>";
		};
/* End PBXGroup section */

/* Begin PBXNativeTarget section */
		D4BBC2741C680F91006504A8 /* Dash Plugin */ = {
			isa = PBXNativeTarget;
			buildConfigurationList = D4BBC28F1C680F91006504A8 /* Build configuration list for PBXNativeTarget "Dash Plugin" */;
			buildPhases = (
				D4BBC2701C680F91006504A8 /* Update Version and Documentation */,
				D4BBC2711C680F91006504A8 /* Sources */,
				D4BBC2721C680F91006504A8 /* Frameworks */,
				D4BBC2731C680F91006504A8 /* Resources */,
			);
			buildRules = (
			);
			dependencies = (
			);
			name = "Dash Plugin";
			productName = QSDashPlugin;
			productReference = D4BBC2751C680F91006504A8 /* Dash Plugin.qsplugin */;
			productType = "com.apple.product-type.bundle";
		};
/* End PBXNativeTarget section */

/* Begin PBXProject section */
		D4BBC26C1C680F91006504A8 /* Project object */ = {
			isa = PBXProject;
			attributes = {
				LastUpgradeCheck = 0720;
				ORGANIZATIONNAME = "Quicksilver Team";
				TargetAttributes = {
					D4BBC2741C680F91006504A8 = {
						CreatedOnToolsVersion = 7.2.1;
					};
				};
			};
			buildConfigurationList = D4BBC26F1C680F91006504A8 /* Build configuration list for PBXProject "QSDashPlugin" */;
			compatibilityVersion = "Xcode 3.2";
			developmentRegion = English;
			hasScannedForEncodings = 0;
			knownRegions = (
				en,
			);
			mainGroup = D4BBC26B1C680F91006504A8;
			productRefGroup = D4BBC2761C680F91006504A8 /* Products */;
			projectDirPath = "";
			projectRoot = "";
			targets = (
				D4BBC2741C680F91006504A8 /* Dash Plugin */,
			);
		};
/* End PBXProject section */

/* Begin PBXResourcesBuildPhase section */
		D4BBC2731C680F91006504A8 /* Resources */ = {
			isa = PBXResourcesBuildPhase;
			buildActionMask = 2147483647;
			files = (
			);
			runOnlyForDeploymentPostprocessing = 0;
		};
/* End PBXResourcesBuildPhase section */

/* Begin PBXShellScriptBuildPhase section */
		D4BBC2701C680F91006504A8 /* Update Version and Documentation */ = {
			isa = PBXShellScriptBuildPhase;
			buildActionMask = 2147483647;
			files = (
			);
			inputPaths = (
			);
			name = "Update Version and Documentation";
			outputPaths = (
			);
			runOnlyForDeploymentPostprocessing = 1;
			shellPath = /bin/sh;
			shellScript = "\"$QS_BUILD_ROOT/Tools/bltrversion\"";
		};
/* End PBXShellScriptBuildPhase section */

/* Begin PBXSourcesBuildPhase section */
		D4BBC2711C680F91006504A8 /* Sources */ = {
			isa = PBXSourcesBuildPhase;
			buildActionMask = 2147483647;
			files = (
				D4BBC2881C680F91006504A8 /* QSDashPluginAction.m in Sources */,
				D4BBC28B1C680F91006504A8 /* QSDashPluginSource.m in Sources */,
			);
			runOnlyForDeploymentPostprocessing = 0;
		};
/* End PBXSourcesBuildPhase section */

/* Begin XCBuildConfiguration section */
		D4BBC28D1C680F91006504A8 /* Debug */ = {
			isa = XCBuildConfiguration;
			baseConfigurationReference = D4BBC27F1C680F91006504A8 /* Debug.xcconfig */;
			buildSettings = {
			};
			name = Debug;
		};
		D4BBC28E1C680F91006504A8 /* Release */ = {
			isa = XCBuildConfiguration;
			baseConfigurationReference = D4BBC2831C680F91006504A8 /* Release.xcconfig */;
			buildSettings = {
			};
			name = Release;
		};
		D4BBC2901C680F91006504A8 /* Debug */ = {
			isa = XCBuildConfiguration;
			baseConfigurationReference = D4BBC2811C680F91006504A8 /* QSPlugIn.xcconfig */;
			buildSettings = {
				PRODUCT_NAME = "$(TARGET_NAME)";
			};
			name = Debug;
		};
		D4BBC2911C680F91006504A8 /* Release */ = {
			isa = XCBuildConfiguration;
			baseConfigurationReference = D4BBC2811C680F91006504A8 /* QSPlugIn.xcconfig */;
			buildSettings = {
				PRODUCT_NAME = "$(TARGET_NAME)";
			};
			name = Release;
		};
/* End XCBuildConfiguration section */

/* Begin XCConfigurationList section */
		D4BBC26F1C680F91006504A8 /* Build configuration list for PBXProject "QSDashPlugin" */ = {
			isa = XCConfigurationList;
			buildConfigurations = (
				D4BBC28D1C680F91006504A8 /* Debug */,
				D4BBC28E1C680F91006504A8 /* Release */,
			);
			defaultConfigurationIsVisible = 0;
			defaultConfigurationName = Release;
		};
		D4BBC28F1C680F91006504A8 /* Build configuration list for PBXNativeTarget "Dash Plugin" */ = {
			isa = XCConfigurationList;
			buildConfigurations = (
				D4BBC2901C680F91006504A8 /* Debug */,
				D4BBC2911C680F91006504A8 /* Release */,
			);
			defaultConfigurationIsVisible = 0;
			defaultConfigurationName = Release;
		};
/* End XCConfigurationList section */
	};
	rootObject = D4BBC26C1C680F91006504A8 /* Project object */;
}
